
Microsoft Visual Studio Solution File, Format Version 12.00
# Visual Studio 15
Project("{FAE04EC0-301F-11D3-BF4B-00C04F79EFBC}") = "Assembly-CSharp", "Assembly-CSharp.csproj", "{13B605B8-D498-EEC8-CCCC-3D7C014C1876}"
EndProject
Project("{FAE04EC0-301F-11D3-BF4B-00C04F79EFBC}") = "Assembly-CSharp-firstpass", "Assembly-CSharp-firstpass.csproj", "{1360C4F5-CC57-376A-7353-89283220C7D1}"
EndProject
Project("{FAE04EC0-301F-11D3-BF4B-00C04F79EFBC}") = "SimpleWebTransport", "SimpleWebTransport.csproj", "{88B745F4-868E-50AB-E677-D681A77C72D6}"
EndProject
Project("{FAE04EC0-301F-11D3-BF4B-00C04F79EFBC}") = "Mirror", "Mirror.csproj", "{2201489E-A7EA-8CC7-4607-43E6AD70D945}"
EndProject
Project("{FAE04EC0-301F-11D3-BF4B-00C04F79EFBC}") = "Mirror.Examples", "Mirror.Examples.csproj", "{58E1C11F-D0D9-3B24-F70F-F59665C63F72}"
EndProject
Project("{FAE04EC0-301F-11D3-BF4B-00C04F79EFBC}") = "Mirror.Components", "Mirror.Components.csproj", "{D7FED790-99E1-4855-6777-25C294600E73}"
EndProject
Project("{FAE04EC0-301F-11D3-BF4B-00C04F79EFBC}") = "Mirror.Transports", "Mirror.Transports.csproj", "{782B44A8-9EE1-BB11-F31C-9057AAA1C815}"
EndProject
Project("{FAE04EC0-301F-11D3-BF4B-00C04F79EFBC}") = "kcp2k", "kcp2k.csproj", "{06BFB30C-3A2E-4CA3-D2D4-36229CCF80C3}"
EndProject
Project("{FAE04EC0-301F-11D3-BF4B-00C04F79EFBC}") = "Telepathy", "Telepathy.csproj", "{A94F07CD-CAB6-078C-F9C4-5F74F8309712}"
EndProject
Project("{FAE04EC0-301F-11D3-BF4B-00C04F79EFBC}") = "Mirror.Authenticators", "Mirror.Authenticators.csproj", "{B854FEA9-708F-5728-7BFA-1E339412D202}"
EndProject
Project("{FAE04EC0-301F-11D3-BF4B-00C04F79EFBC}") = "MultiplexTransport", "MultiplexTransport.csproj", "{7F1B8E0E-77F5-7495-7030-51F2C66A5CB6}"
EndProject
Project("{FAE04EC0-301F-11D3-BF4B-00C04F79EFBC}") = "MiddlewareTransport", "MiddlewareTransport.csproj", "{89A9B95F-8055-1F0E-E317-BFA17AE4EDA2}"
EndProject
Project("{FAE04EC0-301F-11D3-BF4B-00C04F79EFBC}") = "Mirror.Editor", "Mirror.Editor.csproj", "{63DA1344-34C3-0F82-211A-AA0D68B1A82C}"
EndProject
Project("{FAE04EC0-301F-11D3-BF4B-00C04F79EFBC}") = "Unity.Mirror.CodeGen", "Unity.Mirror.CodeGen.csproj", "{CEDC81F4-079B-48E8-7BAF-FED681531C40}"
EndProject
Project("{FAE04EC0-301F-11D3-BF4B-00C04F79EFBC}") = "Mirror.CompilerSymbols", "Mirror.CompilerSymbols.csproj", "{DEF5DA8C-E212-64AB-DF22-046C79232DE2}"
EndProject
Global
	GlobalSection(SolutionConfigurationPlatforms) = preSolution
		Debug|Any CPU = Debug|Any CPU
		Release|Any CPU = Release|Any CPU
	EndGlobalSection
	GlobalSection(ProjectConfigurationPlatforms) = postSolution
		{13B605B8-D498-EEC8-CCCC-3D7C014C1876}.Debug|Any CPU.ActiveCfg = Debug|Any CPU
		{13B605B8-D498-EEC8-CCCC-3D7C014C1876}.Debug|Any CPU.Build.0 = Debug|Any CPU
		{13B605B8-D498-EEC8-CCCC-3D7C014C1876}.Release|Any CPU.ActiveCfg = Release|Any CPU
		{13B605B8-D498-EEC8-CCCC-3D7C014C1876}.Release|Any CPU.Build.0 = Release|Any CPU
		{1360C4F5-CC57-376A-7353-89283220C7D1}.Debug|Any CPU.ActiveCfg = Debug|Any CPU
		{1360C4F5-CC57-376A-7353-89283220C7D1}.Debug|Any CPU.Build.0 = Debug|Any CPU
		{1360C4F5-CC57-376A-7353-89283220C7D1}.Release|Any CPU.ActiveCfg = Release|Any CPU
		{1360C4F5-CC57-376A-7353-89283220C7D1}.Release|Any CPU.Build.0 = Release|Any CPU
		{88B745F4-868E-50AB-E677-D681A77C72D6}.Debug|Any CPU.ActiveCfg = Debug|Any CPU
		{88B745F4-868E-50AB-E677-D681A77C72D6}.Debug|Any CPU.Build.0 = Debug|Any CPU
		{88B745F4-868E-50AB-E677-D681A77C72D6}.Release|Any CPU.ActiveCfg = Release|Any CPU
		{88B745F4-868E-50AB-E677-D681A77C72D6}.Release|Any CPU.Build.0 = Release|Any CPU
		{2201489E-A7EA-8CC7-4607-43E6AD70D945}.Debug|Any CPU.ActiveCfg = Debug|Any CPU
		{2201489E-A7EA-8CC7-4607-43E6AD70D945}.Debug|Any CPU.Build.0 = Debug|Any CPU
		{2201489E-A7EA-8CC7-4607-43E6AD70D945}.Release|Any CPU.ActiveCfg = Release|Any CPU
		{2201489E-A7EA-8CC7-4607-43E6AD70D945}.Release|Any CPU.Build.0 = Release|Any CPU
		{58E1C11F-D0D9-3B24-F70F-F59665C63F72}.Debug|Any CPU.ActiveCfg = Debug|Any CPU
		{58E1C11F-D0D9-3B24-F70F-F59665C63F72}.Debug|Any CPU.Build.0 = Debug|Any CPU
		{58E1C11F-D0D9-3B24-F70F-F59665C63F72}.Release|Any CPU.ActiveCfg = Release|Any CPU
		{58E1C11F-D0D9-3B24-F70F-F59665C63F72}.Release|Any CPU.Build.0 = Release|Any CPU
		{D7FED790-99E1-4855-6777-25C294600E73}.Debug|Any CPU.ActiveCfg = Debug|Any CPU
		{D7FED790-99E1-4855-6777-25C294600E73}.Debug|Any CPU.Build.0 = Debug|Any CPU
		{D7FED790-99E1-4855-6777-25C294600E73}.Release|Any CPU.ActiveCfg = Release|Any CPU
		{D7FED790-99E1-4855-6777-25C294600E73}.Release|Any CPU.Build.0 = Release|Any CPU
		{782B44A8-9EE1-BB11-F31C-9057AAA1C815}.Debug|Any CPU.ActiveCfg = Debug|Any CPU
		{782B44A8-9EE1-BB11-F31C-9057AAA1C815}.Debug|Any CPU.Build.0 = Debug|Any CPU
		{782B44A8-9EE1-BB11-F31C-9057AAA1C815}.Release|Any CPU.ActiveCfg = Release|Any CPU
		{782B44A8-9EE1-BB11-F31C-9057AAA1C815}.Release|Any CPU.Build.0 = Release|Any CPU
		{06BFB30C-3A2E-4CA3-D2D4-36229CCF80C3}.Debug|Any CPU.ActiveCfg = Debug|Any CPU
		{06BFB30C-3A2E-4CA3-D2D4-36229CCF80C3}.Debug|Any CPU.Build.0 = Debug|Any CPU
		{06BFB30C-3A2E-4CA3-D2D4-36229CCF80C3}.Release|Any CPU.ActiveCfg = Release|Any CPU
		{06BFB30C-3A2E-4CA3-D2D4-36229CCF80C3}.Release|Any CPU.Build.0 = Release|Any CPU
		{A94F07CD-CAB6-078C-F9C4-5F74F8309712}.Debug|Any CPU.ActiveCfg = Debug|Any CPU
		{A94F07CD-CAB6-078C-F9C4-5F74F8309712}.Debug|Any CPU.Build.0 = Debug|Any CPU
		{A94F07CD-CAB6-078C-F9C4-5F74F8309712}.Release|Any CPU.ActiveCfg = Release|Any CPU
		{A94F07CD-CAB6-078C-F9C4-5F74F8309712}.Release|Any CPU.Build.0 = Release|Any CPU
		{B854FEA9-708F-5728-7BFA-1E339412D202}.Debug|Any CPU.ActiveCfg = Debug|Any CPU
		{B854FEA9-708F-5728-7BFA-1E339412D202}.Debug|Any CPU.Build.0 = Debug|Any CPU
		{B854FEA9-708F-5728-7BFA-1E339412D202}.Release|Any CPU.ActiveCfg = Release|Any CPU
		{B854FEA9-708F-5728-7BFA-1E339412D202}.Release|Any CPU.Build.0 = Release|Any CPU
		{7F1B8E0E-77F5-7495-7030-51F2C66A5CB6}.Debug|Any CPU.ActiveCfg = Debug|Any CPU
		{7F1B8E0E-77F5-7495-7030-51F2C66A5CB6}.Debug|Any CPU.Build.0 = Debug|Any CPU
		{7F1B8E0E-77F5-7495-7030-51F2C66A5CB6}.Release|Any CPU.ActiveCfg = Release|Any CPU
		{7F1B8E0E-77F5-7495-7030-51F2C66A5CB6}.Release|Any CPU.Build.0 = Release|Any CPU
		{89A9B95F-8055-1F0E-E317-BFA17AE4EDA2}.Debug|Any CPU.ActiveCfg = Debug|Any CPU
		{89A9B95F-8055-1F0E-E317-BFA17AE4EDA2}.Debug|Any CPU.Build.0 = Debug|Any CPU
		{89A9B95F-8055-1F0E-E317-BFA17AE4EDA2}.Release|Any CPU.ActiveCfg = Release|Any CPU
		{89A9B95F-8055-1F0E-E317-BFA17AE4EDA2}.Release|Any CPU.Build.0 = Release|Any CPU
		{63DA1344-34C3-0F82-211A-AA0D68B1A82C}.Debug|Any CPU.ActiveCfg = Debug|Any CPU
		{63DA1344-34C3-0F82-211A-AA0D68B1A82C}.Debug|Any CPU.Build.0 = Debug|Any CPU
		{63DA1344-34C3-0F82-211A-AA0D68B1A82C}.Release|Any CPU.ActiveCfg = Release|Any CPU
		{63DA1344-34C3-0F82-211A-AA0D68B1A82C}.Release|Any CPU.Build.0 = Release|Any CPU
		{CEDC81F4-079B-48E8-7BAF-FED681531C40}.Debug|Any CPU.ActiveCfg = Debug|Any CPU
		{CEDC81F4-079B-48E8-7BAF-FED681531C40}.Debug|Any CPU.Build.0 = Debug|Any CPU
		{CEDC81F4-079B-48E8-7BAF-FED681531C40}.Release|Any CPU.ActiveCfg = Release|Any CPU
		{CEDC81F4-079B-48E8-7BAF-FED681531C40}.Release|Any CPU.Build.0 = Release|Any CPU
		{DEF5DA8C-E212-64AB-DF22-046C79232DE2}.Debug|Any CPU.ActiveCfg = Debug|Any CPU
		{DEF5DA8C-E212-64AB-DF22-046C79232DE2}.Debug|Any CPU.Build.0 = Debug|Any CPU
		{DEF5DA8C-E212-64AB-DF22-046C79232DE2}.Release|Any CPU.ActiveCfg = Release|Any CPU
		{DEF5DA8C-E212-64AB-DF22-046C79232DE2}.Release|Any CPU.Build.0 = Release|Any CPU
	EndGlobalSection
	GlobalSection(SolutionProperties) = preSolution
		HideSolutionNode = FALSE
	EndGlobalSection
EndGlobal
